
Microsoft Visual Studio Solution File, Format Version 12.00
# Visual Studio Version 17
VisualStudioVersion = 17.10.35013.160
MinimumVisualStudioVersion = 10.0.40219.1
Project("{FAE04EC0-301F-11D3-BF4B-00C04F79EFBC}") = "WebApiCrudOperations", "WebApiCrudOperations\WebApiCrudOperations.csproj", "{297EA16C-75FC-44D4-BF82-06955B9C684F}"
EndProject
Global
	GlobalSection(SolutionConfigurationPlatforms) = preSolution
		Debug|Any CPU = Debug|Any CPU
		Release|Any CPU = Release|Any CPU
	EndGlobalSection
	GlobalSection(ProjectConfigurationPlatforms) = postSolution
		{297EA16C-75FC-44D4-BF82-06955B9C684F}.Debug|Any CPU.ActiveCfg = Debug|Any CPU
		{297EA16C-75FC-44D4-BF82-06955B9C684F}.Debug|Any CPU.Build.0 = Debug|Any CPU
		{297EA16C-75FC-44D4-BF82-06955B9C684F}.Release|Any CPU.ActiveCfg = Release|Any CPU
		{297EA16C-75FC-44D4-BF82-06955B9C684F}.Release|Any CPU.Build.0 = Release|Any CPU
	EndGlobalSection
	GlobalSection(SolutionProperties) = preSolution
		HideSolutionNode = FALSE
	EndGlobalSection
	GlobalSection(ExtensibilityGlobals) = postSolution
		SolutionGuid = {B4D80172-EC3A-493E-90AC-9166EF6693F8}
	EndGlobalSection
EndGlobal
